
Microsoft Visual Studio Solution File, Format Version 12.00
# Visual Studio Version 17
VisualStudioVersion = 17.8.34330.188
MinimumVisualStudioVersion = 10.0.40219.1
Project("{FAE04EC0-301F-11D3-BF4B-00C04F79EFBC}") = "TechCareerWebApiCountries", "TechCareerWebApiCountries\TechCareerWebApiCountries.csproj", "{47BB823D-EE67-4053-BC6E-CE8638ACCB77}"
EndProject
Global
	GlobalSection(SolutionConfigurationPlatforms) = preSolution
		Debug|Any CPU = Debug|Any CPU
		Release|Any CPU = Release|Any CPU
	EndGlobalSection
	GlobalSection(ProjectConfigurationPlatforms) = postSolution
		{47BB823D-EE67-4053-BC6E-CE8638ACCB77}.Debug|Any CPU.ActiveCfg = Debug|Any CPU
		{47BB823D-EE67-4053-BC6E-CE8638ACCB77}.Debug|Any CPU.Build.0 = Debug|Any CPU
		{47BB823D-EE67-4053-BC6E-CE8638ACCB77}.Release|Any CPU.ActiveCfg = Release|Any CPU
		{47BB823D-EE67-4053-BC6E-CE8638ACCB77}.Release|Any CPU.Build.0 = Release|Any CPU
	EndGlobalSection
	GlobalSection(SolutionProperties) = preSolution
		HideSolutionNode = FALSE
	EndGlobalSection
	GlobalSection(ExtensibilityGlobals) = postSolution
		SolutionGuid = {8F25CA03-C051-47ED-BC71-E30209E549C8}
	EndGlobalSection
EndGlobal
